<?xml version="1.0" encoding="utf-8"?>
<Project ToolsVersion="4.0" xmlns="http://schemas.microsoft.com/developer/msbuild/2003">
  <ItemGroup>
    <Filter Include="Source Files">
      <UniqueIdentifier>{4FC737F1-C7A5-4376-A066-2A32D752A2FF}</UniqueIdentifier>
      <Extensions>cpp;c;cc;cxx;c++;cppm;ixx;def;odl;idl;hpj;bat;asm;asmx</Extensions>
    </Filter>
    <Filter Include="Header Files">
      <UniqueIdentifier>{93995380-89BD-4b04-88EB-625FBE52EBFB}</UniqueIdentifier>
      <Extensions>h;hh;hpp;hxx;h++;hm;inl;inc;ipp;xsd</Extensions>
    </Filter>
    <Filter Include="Resource Files">
      <UniqueIdentifier>{67DA6AB6-F800-4c08-8B7A-83BB121AAD01}</UniqueIdentifier>
      <Extensions>rc;ico;cur;bmp;dlg;rc2;rct;bin;rgs;gif;jpg;jpeg;jpe;resx;tiff;tif;png;wav;mfcribbon-ms</Extensions>
    </Filter>
  </ItemGroup>
  <ItemGroup>
    <ClInclude Include="Common.h">
      <Filter>Header Files</Filter>
    </ClInclude>
    <ClInclude Include="Util\Util.h">
      <Filter>Header Files</Filter>
    </ClInclude>
    <ClInclude Include="Renderer\Renderer.h">
      <Filter>Header Files</Filter>
    </ClInclude>
    <ClInclude Include="Graphics\Camera.h">
      <Filter>Header Files</Filter>
    </ClInclude>
    <ClInclude Include="Graphics\ConstantDataType.h">
      <Filter>Header Files</Filter>
    </ClInclude>
    <ClInclude Include="Graphics\GraphicsUtils.h">
      <Filter>Header Files</Filter>
    </ClInclude>
    <ClInclude Include="Geometry\GeometryGenerator.h">
      <Filter>Header Files</Filter>
    </ClInclude>
    <ClInclude Include="Renderer\PipelineState.h">
      <Filter>Header Files</Filter>
    </ClInclude>
    <ClInclude Include="Graphics\ImageFilter.h">
      <Filter>Header Files</Filter>
    </ClInclude>
    <ClInclude Include="Geometry\Mesh.h">
      <Filter>Header Files</Filter>
    </ClInclude>
    <ClInclude Include="Geometry\MeshInfo.h">
      <Filter>Header Files</Filter>
    </ClInclude>
    <ClInclude Include="Geometry\Model.h">
      <Filter>Header Files</Filter>
    </ClInclude>
    <ClInclude Include="Renderer\PostProcessor.h">
      <Filter>Header Files</Filter>
    </ClInclude>
    <ClInclude Include="Renderer\StructuredBuffer.h">
      <Filter>Header Files</Filter>
    </ClInclude>
    <ClInclude Include="Renderer\Timer.h">
      <Filter>Header Files</Filter>
    </ClInclude>
    <ClInclude Include="Geometry\Vertex.h">
      <Filter>Header Files</Filter>
    </ClInclude>
    <ClInclude Include="Resource.h">
      <Filter>Header Files</Filter>
    </ClInclude>
    <ClInclude Include="targetver.h">
      <Filter>Header Files</Filter>
    </ClInclude>
    <ClInclude Include="DebugApp.h">
      <Filter>Header Files</Filter>
    </ClInclude>
    <ClInclude Include="Geometry\Animation.h">
      <Filter>Header Files</Filter>
    </ClInclude>
    <ClInclude Include="Geometry\ModelLoader.h">
      <Filter>Header Files</Filter>
    </ClInclude>
    <ClInclude Include="DebugApp2.h">
      <Filter>Header Files</Filter>
    </ClInclude>
    <ClInclude Include="Geometry\SkinnedMeshModel.h">
      <Filter>Header Files</Filter>
    </ClInclude>
    <ClInclude Include="Renderer\GBuffer.h">
      <Filter>Header Files</Filter>
    </ClInclude>
    <ClInclude Include="Graphics\Scene.h">
      <Filter>Header Files</Filter>
    </ClInclude>
    <ClInclude Include="Graphics\ShadowMap.h">
      <Filter>Header Files</Filter>
    </ClInclude>
    <ClInclude Include="Graphics\Light.h">
      <Filter>Header Files</Filter>
    </ClInclude>
    <ClInclude Include="Renderer\ResourceManager.h">
      <Filter>Header Files</Filter>
    </ClInclude>
    <ClInclude Include="Renderer\ConstantBuffer.h">
      <Filter>Header Files</Filter>
    </ClInclude>
    <ClInclude Include="Renderer\Texture.h">
      <Filter>Header Files</Filter>
    </ClInclude>
    <ClInclude Include="Graphics\Atmosphere\SkyLUT.h">
      <Filter>Header Files</Filter>
    </ClInclude>
    <ClInclude Include="Graphics\Atmosphere\AerialLUT.h">
      <Filter>Header Files</Filter>
    </ClInclude>
    <ClInclude Include="Graphics\EnumData.h">
      <Filter>Header Files</Filter>
    </ClInclude>
    <ClInclude Include="Graphics\Atmosphere\Sky.h">
      <Filter>Header Files</Filter>
    </ClInclude>
    <ClInclude Include="Graphics\Atmosphere\Sun.h">
      <Filter>Header Files</Filter>
    </ClInclude>
    <ClInclude Include="Graphics\Atmosphere\TransmittanceLUT.h">
      <Filter>Header Files</Filter>
    </ClInclude>
    <ClInclude Include="Graphics\Atmosphere\AtmosphereProperty.h">
      <Filter>Header Files</Filter>
    </ClInclude>
    <ClInclude Include="Graphics\Atmosphere\MultiScatteringLUT.h">
      <Filter>Header Files</Filter>
    </ClInclude>
    <ClInclude Include="Util\cySampleElim.h">
      <Filter>Header Files</Filter>
    </ClInclude>
    <ClInclude Include="Util\BVHTree.h">
      <Filter>Header Files</Filter>
    </ClInclude>
    <ClInclude Include="Util\KnM.h">
      <Filter>Header Files</Filter>
    </ClInclude>
    <ClInclude Include="External\DirectXTK\Inc\SimpleMath.h">
      <Filter>Header Files</Filter>
    </ClInclude>
    <ClInclude Include="External\DirectXTex\DirectXTex\DirectXTex.h">
      <Filter>Header Files</Filter>
    </ClInclude>
    <ClInclude Include="External\DirectXTex\Auxiliary\DirectXTexEXR.h">
      <Filter>Header Files</Filter>
    </ClInclude>
    <ClInclude Include="External\DirectXTK\Inc\DDSTextureLoader.h">
      <Filter>Header Files</Filter>
    </ClInclude>
    <ClInclude Include="Geometry\FBXLoader.h">
      <Filter>Header Files</Filter>
    </ClInclude>
    <ClInclude Include="External\optick\src\optick.config.h">
      <Filter>Header Files</Filter>
    </ClInclude>
    <ClInclude Include="External\optick\src\optick.h">
      <Filter>Header Files</Filter>
    </ClInclude>
    <ClInclude Include="External\optick\src\optick_capi.h">
      <Filter>Header Files</Filter>
    </ClInclude>
    <ClInclude Include="External\optick\src\optick_common.h">
      <Filter>Header Files</Filter>
    </ClInclude>
    <ClInclude Include="External\optick\src\optick_core.freebsd.h">
      <Filter>Header Files</Filter>
    </ClInclude>
    <ClInclude Include="External\optick\src\optick_core.h">
      <Filter>Header Files</Filter>
    </ClInclude>
    <ClInclude Include="External\optick\src\optick_core.linux.h">
      <Filter>Header Files</Filter>
    </ClInclude>
    <ClInclude Include="External\optick\src\optick_core.macos.h">
      <Filter>Header Files</Filter>
    </ClInclude>
    <ClInclude Include="External\optick\src\optick_core.platform.h">
      <Filter>Header Files</Filter>
    </ClInclude>
    <ClInclude Include="External\optick\src\optick_core.win.h">
      <Filter>Header Files</Filter>
    </ClInclude>
    <ClInclude Include="External\optick\src\optick_gpu.h">
      <Filter>Header Files</Filter>
    </ClInclude>
    <ClInclude Include="External\optick\src\optick_memory.h">
      <Filter>Header Files</Filter>
    </ClInclude>
    <ClInclude Include="External\optick\src\optick_message.h">
      <Filter>Header Files</Filter>
    </ClInclude>
    <ClInclude Include="External\optick\src\optick_miniz.h">
      <Filter>Header Files</Filter>
    </ClInclude>
    <ClInclude Include="External\optick\src\optick_serialization.h">
      <Filter>Header Files</Filter>
    </ClInclude>
    <ClInclude Include="External\optick\src\optick_server.h">
      <Filter>Header Files</Filter>
    </ClInclude>
  </ItemGroup>
  <ItemGroup>
    <ResourceCompile Include="OWL_.rc">
      <Filter>Resource Files</Filter>
    </ResourceCompile>
  </ItemGroup>
  <ItemGroup>
    <Image Include="small.ico">
      <Filter>Resource Files</Filter>
    </Image>
    <Image Include="OWL_.ico">
      <Filter>Resource Files</Filter>
    </Image>
  </ItemGroup>
  <ItemGroup>
    <ClCompile Include="Main.cpp">
      <Filter>Source Files</Filter>
    </ClCompile>
    <ClCompile Include="Util\Util.cpp">
      <Filter>Source Files</Filter>
    </ClCompile>
    <ClCompile Include="Renderer\Renderer.cpp">
      <Filter>Source Files</Filter>
    </ClCompile>
    <ClCompile Include="Graphics\Camera.cpp">
      <Filter>Source Files</Filter>
    </ClCompile>
    <ClCompile Include="Graphics\GraphicsUtils.cpp">
      <Filter>Source Files</Filter>
    </ClCompile>
    <ClCompile Include="Geometry\GeometryGenerator.cpp">
      <Filter>Source Files</Filter>
    </ClCompile>
    <ClCompile Include="Renderer\PipelineState.cpp">
      <Filter>Source Files</Filter>
    </ClCompile>
    <ClCompile Include="Graphics\ImageFilter.cpp">
      <Filter>Source Files</Filter>
    </ClCompile>
    <ClCompile Include="Geometry\Model.cpp">
      <Filter>Source Files</Filter>
    </ClCompile>
    <ClCompile Include="Renderer\PostProcessor.cpp">
      <Filter>Source Files</Filter>
    </ClCompile>
    <ClCompile Include="DebugApp.cpp">
      <Filter>Source Files</Filter>
    </ClCompile>
    <ClCompile Include="Geometry\ModelLoader.cpp">
      <Filter>Source Files</Filter>
    </ClCompile>
    <ClCompile Include="Geometry\Animation.cpp">
      <Filter>Source Files</Filter>
    </ClCompile>
    <ClCompile Include="Geometry\SkinnedMeshModel.cpp">
      <Filter>Source Files</Filter>
    </ClCompile>
    <ClCompile Include="DebugApp2.cpp">
      <Filter>Source Files</Filter>
    </ClCompile>
    <ClCompile Include="Renderer\GBuffer.cpp">
      <Filter>Source Files</Filter>
    </ClCompile>
    <ClCompile Include="Graphics\Scene.cpp">
      <Filter>Source Files</Filter>
    </ClCompile>
    <ClCompile Include="Renderer\Timer.cpp">
      <Filter>Source Files</Filter>
    </ClCompile>
    <ClCompile Include="Graphics\ShadowMap.cpp">
      <Filter>Source Files</Filter>
    </ClCompile>
    <ClCompile Include="Graphics\Light.cpp">
      <Filter>Source Files</Filter>
    </ClCompile>
    <ClCompile Include="Renderer\ResourceManager.cpp">
      <Filter>Source Files</Filter>
    </ClCompile>
    <ClCompile Include="Renderer\ConstantBuffer.cpp">
      <Filter>Source Files</Filter>
    </ClCompile>
    <ClCompile Include="Renderer\StructuredBuffer.cpp">
      <Filter>Source Files</Filter>
    </ClCompile>
    <ClCompile Include="Renderer\Texture.cpp">
      <Filter>Source Files</Filter>
    </ClCompile>
    <ClCompile Include="Graphics\Atmosphere\SkyLUT.cpp">
      <Filter>Source Files</Filter>
    </ClCompile>
    <ClCompile Include="Graphics\Atmosphere\AerialLUT.cpp">
      <Filter>Source Files</Filter>
    </ClCompile>
    <ClCompile Include="Graphics\Atmosphere\Sky.cpp">
      <Filter>Source Files</Filter>
    </ClCompile>
    <ClCompile Include="Graphics\Atmosphere\Sun.cpp">
      <Filter>Source Files</Filter>
    </ClCompile>
    <ClCompile Include="Graphics\Atmosphere\TransmittanceLUT.cpp">
      <Filter>Source Files</Filter>
    </ClCompile>
    <ClCompile Include="Graphics\Atmosphere\AtmosphereProperty.cpp">
      <Filter>Source Files</Filter>
    </ClCompile>
    <ClCompile Include="Graphics\Atmosphere\MultiScatteringLUT.cpp">
      <Filter>Source Files</Filter>
    </ClCompile>
    <ClCompile Include="Util\BVHTree.cpp">
      <Filter>Source Files</Filter>
    </ClCompile>
    <ClCompile Include="External\imgui\imgui.cpp">
      <Filter>Source Files</Filter>
    </ClCompile>
    <ClCompile Include="External\imgui\imgui_demo.cpp">
      <Filter>Source Files</Filter>
    </ClCompile>
    <ClCompile Include="External\imgui\imgui_draw.cpp">
      <Filter>Source Files</Filter>
    </ClCompile>
    <ClCompile Include="External\imgui\imgui_tables.cpp">
      <Filter>Source Files</Filter>
    </ClCompile>
    <ClCompile Include="External\imgui\imgui_widgets.cpp">
      <Filter>Source Files</Filter>
    </ClCompile>
    <ClCompile Include="External\imgui\backends\imgui_impl_dx11.cpp">
      <Filter>Source Files</Filter>
    </ClCompile>
    <ClCompile Include="External\imgui\backends\imgui_impl_win32.cpp">
      <Filter>Source Files</Filter>
    </ClCompile>
    <ClCompile Include="External\DirectXTex\Auxiliary\DirectXTexEXR.cpp">
      <Filter>Source Files</Filter>
    </ClCompile>
    <ClCompile Include="External\DirectXTK\Src\SimpleMath.cpp">
      <Filter>Source Files</Filter>
    </ClCompile>
    <ClCompile Include="External\DirectXTK\Src\DDSTextureLoader.cpp">
      <Filter>Source Files</Filter>
    </ClCompile>
    <ClCompile Include="Geometry\FBXLoader.cpp">
      <Filter>Source Files</Filter>
    </ClCompile>
    <ClCompile Include="Geometry\Mesh.cpp">
      <Filter>Source Files</Filter>
    </ClCompile>
    <ClCompile Include="External\optick\src\optick_capi.cpp">
      <Filter>Source Files</Filter>
    </ClCompile>
    <ClCompile Include="External\optick\src\optick_core.cpp">
      <Filter>Source Files</Filter>
    </ClCompile>
    <ClCompile Include="External\optick\src\optick_gpu.cpp">
      <Filter>Source Files</Filter>
    </ClCompile>
    <ClCompile Include="External\optick\src\optick_gpu.d3d12.cpp">
      <Filter>Source Files</Filter>
    </ClCompile>
    <ClCompile Include="External\optick\src\optick_message.cpp">
      <Filter>Source Files</Filter>
    </ClCompile>
    <ClCompile Include="External\optick\src\optick_miniz.cpp">
      <Filter>Source Files</Filter>
    </ClCompile>
    <ClCompile Include="External\optick\src\optick_serialization.cpp">
      <Filter>Source Files</Filter>
    </ClCompile>
    <ClCompile Include="External\optick\src\optick_server.cpp">
      <Filter>Source Files</Filter>
    </ClCompile>
  </ItemGroup>
  <ItemGroup>
    <FxCompile Include="Shaders\BasicVS.hlsl" />
    <FxCompile Include="Shaders\BasicPS.hlsl" />
  </ItemGroup>
  <ItemGroup>
    <None Include="Shaders\CommonHeader\Common.hlsli" />
    <None Include="Shaders\DiskSamples.hlsli" />
    <None Include="Shaders\Quaternion.hlsli" />
    <None Include="OWL_.APS">
      <Filter>Resource Files</Filter>
    </None>
    <None Include="imgui.ini">
      <Filter>Resource Files</Filter>
    </None>
    <None Include="packages.config" />
    <None Include="Shaders\ShadingUtil.hlsl" />
    <None Include="Shaders\ShadowUtil.hlsl" />
    <None Include="Shaders\TileableNoise.hlsli" />
    <None Include="Shaders\Hash.hlsli" />
    <None Include="Shaders\CommonHeader\GlobalResource.hlsli" />
    <None Include="Shaders\BillboardGS.hlsl" />
    <None Include="Shaders\BillboardVS.hlsl" />
    <None Include="Shaders\BloomDownPS.hlsl" />
    <None Include="Shaders\BloomUpPS.hlsl" />
    <None Include="Shaders\ColorPS.hlsl" />
    <None Include="Shaders\CombinePS.hlsl" />
    <None Include="Shaders\DeferredLightingPS.hlsl" />
    <None Include="Shaders\DepthOnlyCascadeGS.hlsl" />
    <None Include="Shaders\DepthOnlyCascadePS.hlsl" />
    <None Include="Shaders\DepthOnlyCascadeVS.hlsl" />
    <None Include="Shaders\DepthOnlyCubeGS.hlsl" />
    <None Include="Shaders\DepthOnlyCubePS.hlsl" />
    <None Include="Shaders\DepthOnlyCubeVS.hlsl" />
    <None Include="Shaders\DepthOnlyPS.hlsl" />
    <None Include="Shaders\DepthOnlyVS.hlsl" />
    <None Include="Shaders\ExplosionPS.hlsl" />
    <None Include="Shaders\GBufferPS.hlsl" />
    <None Include="Shaders\GBufferVS.hlsl" />
    <None Include="Shaders\GrassPS.hlsl" />
    <None Include="Shaders\GrassVS.hlsl" />
    <None Include="Shaders\NormalGS.hlsl" />
    <None Include="Shaders\NormalPS.hlsl" />
    <None Include="Shaders\NormalVS.hlsl" />
    <None Include="Shaders\OceanPS.hlsl" />
    <None Include="Shaders\PostEffectPS.hlsl" />
    <None Include="Shaders\ScreenQuadVS.hlsl" />
    <None Include="Shaders\SkyboxPS.hlsl" />
    <None Include="Shaders\SkyboxVS.hlsl" />
    <None Include="Shaders\TerrainGenerator.hlsl" />
    <None Include="Shaders\VolumeSmokePS.hlsl" />
    <None Include="Shaders\VolumetricFirePS.hlsl" />
    <None Include="Shaders\Atmosphere\AerialLUTCS.hlsl" />
    <None Include="Shaders\Atmosphere\AtmosphereUtil.hlsli" />
    <None Include="Shaders\Atmosphere\Intersection.hlsli" />
    <None Include="Shaders\Atmosphere\MultiScatterLUTCS.hlsl" />
    <None Include="Shaders\Atmosphere\PostColor.hlsli" />
    <None Include="Shaders\Atmosphere\SkyLUTPS.hlsl" />
    <None Include="Shaders\Atmosphere\SkyLUTVS.hlsl" />
    <None Include="Shaders\Atmosphere\SkyPS.hlsl" />
    <None Include="Shaders\Atmosphere\SkyVS.hlsl" />
    <None Include="Shaders\Atmosphere\SunPS.hlsl" />
    <None Include="Shaders\Atmosphere\SunVS.hlsl" />
    <None Include="Shaders\Atmosphere\TransmittanceLUTCS.hlsl" />
    <None Include="Shaders\CommonHeader\LightResource.hlsli" />
    <None Include="Shaders\CommonHeader\ObjectResource.hlsli" />
    <None Include="Shaders\SSRReflectionPS.hlsl" />
  </ItemGroup>
</Project>